
Microsoft Visual Studio Solution File, Format Version 12.00
# Visual Studio 2013
VisualStudioVersion = 12.0.30723.0
MinimumVisualStudioVersion = 10.0.40219.1
Project("{8BC9CEB8-8B4A-11D0-8D11-00A0C91BC942}") = "KeyboardHookAgent", "KeyboardHookAgent\KeyboardHookAgent.vcxproj", "{FD57973E-255D-45DD-836E-5E562E913E8D}"
EndProject
Project("{8BC9CEB8-8B4A-11D0-8D11-00A0C91BC942}") = "NiceHanjaKeyCombination", "NiceHanjaKeyCombination\NiceHanjaKeyCombination.vcxproj", "{58636993-36DA-428A-82B9-00F0F6C1D918}"
EndProject
Project("{8BC9CEB8-8B4A-11D0-8D11-00A0C91BC942}") = "ConsoleApp", "ConsoleApp\ConsoleApp.vcxproj", "{E72DFF9E-0B57-45FB-A7DA-F4A8BFE085FB}"
EndProject
Project("{8BC9CEB8-8B4A-11D0-8D11-00A0C91BC942}") = "Utils", "Utils\Utils.vcxproj", "{68CE8598-CE86-4D05-A128-AA633CD0625B}"
EndProject
Project("{8BC9CEB8-8B4A-11D0-8D11-00A0C91BC942}") = "jinlibrary-static", "JinLibrary\vs\jinlibrary-static.vcxproj", "{5AD417CA-40D8-4A12-990B-9B8562EF4E57}"
EndProject
Global
	GlobalSection(SolutionConfigurationPlatforms) = preSolution
		Debug|Win32 = Debug|Win32
		Release|Win32 = Release|Win32
	EndGlobalSection
	GlobalSection(ProjectConfigurationPlatforms) = postSolution
		{FD57973E-255D-45DD-836E-5E562E913E8D}.Debug|Win32.ActiveCfg = Debug|Win32
		{FD57973E-255D-45DD-836E-5E562E913E8D}.Debug|Win32.Build.0 = Debug|Win32
		{FD57973E-255D-45DD-836E-5E562E913E8D}.Release|Win32.ActiveCfg = Release|Win32
		{FD57973E-255D-45DD-836E-5E562E913E8D}.Release|Win32.Build.0 = Release|Win32
		{58636993-36DA-428A-82B9-00F0F6C1D918}.Debug|Win32.ActiveCfg = Debug|Win32
		{58636993-36DA-428A-82B9-00F0F6C1D918}.Debug|Win32.Build.0 = Debug|Win32
		{58636993-36DA-428A-82B9-00F0F6C1D918}.Release|Win32.ActiveCfg = Release|Win32
		{58636993-36DA-428A-82B9-00F0F6C1D918}.Release|Win32.Build.0 = Release|Win32
		{E72DFF9E-0B57-45FB-A7DA-F4A8BFE085FB}.Debug|Win32.ActiveCfg = Debug|Win32
		{E72DFF9E-0B57-45FB-A7DA-F4A8BFE085FB}.Debug|Win32.Build.0 = Debug|Win32
		{E72DFF9E-0B57-45FB-A7DA-F4A8BFE085FB}.Release|Win32.ActiveCfg = Release|Win32
		{E72DFF9E-0B57-45FB-A7DA-F4A8BFE085FB}.Release|Win32.Build.0 = Release|Win32
		{68CE8598-CE86-4D05-A128-AA633CD0625B}.Debug|Win32.ActiveCfg = Debug|Win32
		{68CE8598-CE86-4D05-A128-AA633CD0625B}.Debug|Win32.Build.0 = Debug|Win32
		{68CE8598-CE86-4D05-A128-AA633CD0625B}.Release|Win32.ActiveCfg = Release|Win32
		{68CE8598-CE86-4D05-A128-AA633CD0625B}.Release|Win32.Build.0 = Release|Win32
		{5AD417CA-40D8-4A12-990B-9B8562EF4E57}.Debug|Win32.ActiveCfg = Debug|Win32
		{5AD417CA-40D8-4A12-990B-9B8562EF4E57}.Debug|Win32.Build.0 = Debug|Win32
		{5AD417CA-40D8-4A12-990B-9B8562EF4E57}.Release|Win32.ActiveCfg = Release|Win32
		{5AD417CA-40D8-4A12-990B-9B8562EF4E57}.Release|Win32.Build.0 = Release|Win32
	EndGlobalSection
	GlobalSection(SolutionProperties) = preSolution
		HideSolutionNode = FALSE
	EndGlobalSection
EndGlobal
